
Microsoft Visual Studio Solution File, Format Version 12.00
# Visual Studio Version 17
VisualStudioVersion = 17.5.002.0
MinimumVisualStudioVersion = 10.0.40219.1
Project("{9A19103F-16F7-4668-BE54-9A1E7A4F7556}") = "Project05_MVCTemelleri", "Project05_MVCTemelleri.csproj", "{46231C6F-E237-478A-AE49-E88507B1CBBB}"
EndProject
Project("{FAE04EC0-301F-11D3-BF4B-00C04F79EFBC}") = "Project07_MVCTemelleri1", "Project07_MVCTemelleri1\Project07_MVCTemelleri1.csproj", "{EDF15EB8-0B23-4A10-B911-1E65D1C357E2}"
EndProject
Global
	GlobalSection(SolutionConfigurationPlatforms) = preSolution
		Debug|Any CPU = Debug|Any CPU
		Release|Any CPU = Release|Any CPU
	EndGlobalSection
	GlobalSection(ProjectConfigurationPlatforms) = postSolution
		{46231C6F-E237-478A-AE49-E88507B1CBBB}.Debug|Any CPU.ActiveCfg = Debug|Any CPU
		{46231C6F-E237-478A-AE49-E88507B1CBBB}.Debug|Any CPU.Build.0 = Debug|Any CPU
		{46231C6F-E237-478A-AE49-E88507B1CBBB}.Release|Any CPU.ActiveCfg = Release|Any CPU
		{46231C6F-E237-478A-AE49-E88507B1CBBB}.Release|Any CPU.Build.0 = Release|Any CPU
		{EDF15EB8-0B23-4A10-B911-1E65D1C357E2}.Debug|Any CPU.ActiveCfg = Debug|Any CPU
		{EDF15EB8-0B23-4A10-B911-1E65D1C357E2}.Debug|Any CPU.Build.0 = Debug|Any CPU
		{EDF15EB8-0B23-4A10-B911-1E65D1C357E2}.Release|Any CPU.ActiveCfg = Release|Any CPU
		{EDF15EB8-0B23-4A10-B911-1E65D1C357E2}.Release|Any CPU.Build.0 = Release|Any CPU
	EndGlobalSection
	GlobalSection(SolutionProperties) = preSolution
		HideSolutionNode = FALSE
	EndGlobalSection
	GlobalSection(ExtensibilityGlobals) = postSolution
		SolutionGuid = {87447C3F-BFA6-45E4-9B85-B88611EB3952}
	EndGlobalSection
EndGlobal
