
Microsoft Visual Studio Solution File, Format Version 12.00
# Visual Studio Version 17
VisualStudioVersion = 17.5.002.0
MinimumVisualStudioVersion = 10.0.40219.1
Project("{9A19103F-16F7-4668-BE54-9A1E7A4F7556}") = "Project11_Loops", "Project11_Loops.csproj", "{374429F1-DC9F-4393-A536-955BA1B17DFD}"
EndProject
Global
	GlobalSection(SolutionConfigurationPlatforms) = preSolution
		Debug|Any CPU = Debug|Any CPU
		Release|Any CPU = Release|Any CPU
	EndGlobalSection
	GlobalSection(ProjectConfigurationPlatforms) = postSolution
		{374429F1-DC9F-4393-A536-955BA1B17DFD}.Debug|Any CPU.ActiveCfg = Debug|Any CPU
		{374429F1-DC9F-4393-A536-955BA1B17DFD}.Debug|Any CPU.Build.0 = Debug|Any CPU
		{374429F1-DC9F-4393-A536-955BA1B17DFD}.Release|Any CPU.ActiveCfg = Release|Any CPU
		{374429F1-DC9F-4393-A536-955BA1B17DFD}.Release|Any CPU.Build.0 = Release|Any CPU
	EndGlobalSection
	GlobalSection(SolutionProperties) = preSolution
		HideSolutionNode = FALSE
	EndGlobalSection
	GlobalSection(ExtensibilityGlobals) = postSolution
		SolutionGuid = {42526239-DBF5-4C25-94FB-BC0158E2EF3A}
	EndGlobalSection
EndGlobal
