
Microsoft Visual Studio Solution File, Format Version 12.00
# Visual Studio Version 17
VisualStudioVersion = 17.0.31903.59
MinimumVisualStudioVersion = 10.0.40219.1
Project("{FAE04EC0-301F-11D3-BF4B-00C04F79EFBC}") = "Project16_Methods", "Project16_Methods\Project16_Methods.csproj", "{B29A1D55-8D3D-4AE0-865A-4FE94071203D}"
EndProject
Project("{FAE04EC0-301F-11D3-BF4B-00C04F79EFBC}") = "Project17_methodoverloading", "Project17_methodoverloading\Project17_methodoverloading.csproj", "{7DE849E8-4D20-4C99-A881-4EBAE73C4F3F}"
EndProject
Project("{FAE04EC0-301F-11D3-BF4B-00C04F79EFBC}") = "Project18_MethodsSamples", "Project18_MethodsSamples\Project18_MethodsSamples.csproj", "{9D00DF80-1B34-4794-9568-D8AE2DE0C038}"
EndProject
Project("{FAE04EC0-301F-11D3-BF4B-00C04F79EFBC}") = "Project19_CreateAndAssignTeams", "Project19_CreateAndAssignTeams\Project19_CreateAndAssignTeams.csproj", "{F714D385-C6D8-43BE-9629-ACCC75B5D88C}"
EndProject
Global
	GlobalSection(SolutionConfigurationPlatforms) = preSolution
		Debug|Any CPU = Debug|Any CPU
		Release|Any CPU = Release|Any CPU
	EndGlobalSection
	GlobalSection(ProjectConfigurationPlatforms) = postSolution
		{B29A1D55-8D3D-4AE0-865A-4FE94071203D}.Debug|Any CPU.ActiveCfg = Debug|Any CPU
		{B29A1D55-8D3D-4AE0-865A-4FE94071203D}.Debug|Any CPU.Build.0 = Debug|Any CPU
		{B29A1D55-8D3D-4AE0-865A-4FE94071203D}.Release|Any CPU.ActiveCfg = Release|Any CPU
		{B29A1D55-8D3D-4AE0-865A-4FE94071203D}.Release|Any CPU.Build.0 = Release|Any CPU
		{7DE849E8-4D20-4C99-A881-4EBAE73C4F3F}.Debug|Any CPU.ActiveCfg = Debug|Any CPU
		{7DE849E8-4D20-4C99-A881-4EBAE73C4F3F}.Debug|Any CPU.Build.0 = Debug|Any CPU
		{7DE849E8-4D20-4C99-A881-4EBAE73C4F3F}.Release|Any CPU.ActiveCfg = Release|Any CPU
		{7DE849E8-4D20-4C99-A881-4EBAE73C4F3F}.Release|Any CPU.Build.0 = Release|Any CPU
		{9D00DF80-1B34-4794-9568-D8AE2DE0C038}.Debug|Any CPU.ActiveCfg = Debug|Any CPU
		{9D00DF80-1B34-4794-9568-D8AE2DE0C038}.Debug|Any CPU.Build.0 = Debug|Any CPU
		{9D00DF80-1B34-4794-9568-D8AE2DE0C038}.Release|Any CPU.ActiveCfg = Release|Any CPU
		{9D00DF80-1B34-4794-9568-D8AE2DE0C038}.Release|Any CPU.Build.0 = Release|Any CPU
		{F714D385-C6D8-43BE-9629-ACCC75B5D88C}.Debug|Any CPU.ActiveCfg = Debug|Any CPU
		{F714D385-C6D8-43BE-9629-ACCC75B5D88C}.Debug|Any CPU.Build.0 = Debug|Any CPU
		{F714D385-C6D8-43BE-9629-ACCC75B5D88C}.Release|Any CPU.ActiveCfg = Release|Any CPU
		{F714D385-C6D8-43BE-9629-ACCC75B5D88C}.Release|Any CPU.Build.0 = Release|Any CPU
	EndGlobalSection
	GlobalSection(SolutionProperties) = preSolution
		HideSolutionNode = FALSE
	EndGlobalSection
EndGlobal
