
Microsoft Visual Studio Solution File, Format Version 12.00
# Visual Studio Version 17
VisualStudioVersion = 17.5.002.0
MinimumVisualStudioVersion = 10.0.40219.1
Project("{9A19103F-16F7-4668-BE54-9A1E7A4F7556}") = "Project17_methodoverloading", "Project17_methodoverloading.csproj", "{555F9777-FCCA-434C-8196-02EB4EB047B4}"
EndProject
Global
	GlobalSection(SolutionConfigurationPlatforms) = preSolution
		Debug|Any CPU = Debug|Any CPU
		Release|Any CPU = Release|Any CPU
	EndGlobalSection
	GlobalSection(ProjectConfigurationPlatforms) = postSolution
		{555F9777-FCCA-434C-8196-02EB4EB047B4}.Debug|Any CPU.ActiveCfg = Debug|Any CPU
		{555F9777-FCCA-434C-8196-02EB4EB047B4}.Debug|Any CPU.Build.0 = Debug|Any CPU
		{555F9777-FCCA-434C-8196-02EB4EB047B4}.Release|Any CPU.ActiveCfg = Release|Any CPU
		{555F9777-FCCA-434C-8196-02EB4EB047B4}.Release|Any CPU.Build.0 = Release|Any CPU
	EndGlobalSection
	GlobalSection(SolutionProperties) = preSolution
		HideSolutionNode = FALSE
	EndGlobalSection
	GlobalSection(ExtensibilityGlobals) = postSolution
		SolutionGuid = {47E737FD-37C2-4512-9751-2160726BF05E}
	EndGlobalSection
EndGlobal
