
Microsoft Visual Studio Solution File, Format Version 12.00
# Visual Studio Version 17
VisualStudioVersion = 17.5.002.0
MinimumVisualStudioVersion = 10.0.40219.1
Project("{9A19103F-16F7-4668-BE54-9A1E7A4F7556}") = "HomeWork09", "HomeWork09.csproj", "{74A682F5-C584-4075-A9F5-D9E9D59438F8}"
EndProject
Global
	GlobalSection(SolutionConfigurationPlatforms) = preSolution
		Debug|Any CPU = Debug|Any CPU
		Release|Any CPU = Release|Any CPU
	EndGlobalSection
	GlobalSection(ProjectConfigurationPlatforms) = postSolution
		{74A682F5-C584-4075-A9F5-D9E9D59438F8}.Debug|Any CPU.ActiveCfg = Debug|Any CPU
		{74A682F5-C584-4075-A9F5-D9E9D59438F8}.Debug|Any CPU.Build.0 = Debug|Any CPU
		{74A682F5-C584-4075-A9F5-D9E9D59438F8}.Release|Any CPU.ActiveCfg = Release|Any CPU
		{74A682F5-C584-4075-A9F5-D9E9D59438F8}.Release|Any CPU.Build.0 = Release|Any CPU
	EndGlobalSection
	GlobalSection(SolutionProperties) = preSolution
		HideSolutionNode = FALSE
	EndGlobalSection
	GlobalSection(ExtensibilityGlobals) = postSolution
		SolutionGuid = {397573EF-CDD9-45BD-92C6-1D431061497E}
	EndGlobalSection
EndGlobal
