
Microsoft Visual Studio Solution File, Format Version 12.00
# Visual Studio Version 17
VisualStudioVersion = 17.5.002.0
MinimumVisualStudioVersion = 10.0.40219.1
Project("{9A19103F-16F7-4668-BE54-9A1E7A4F7556}") = "Project13_GuessNumberGame", "Project13_GuessNumberGame.csproj", "{380B7042-69FA-49DE-B688-9BF1B260AE7F}"
EndProject
Global
	GlobalSection(SolutionConfigurationPlatforms) = preSolution
		Debug|Any CPU = Debug|Any CPU
		Release|Any CPU = Release|Any CPU
	EndGlobalSection
	GlobalSection(ProjectConfigurationPlatforms) = postSolution
		{380B7042-69FA-49DE-B688-9BF1B260AE7F}.Debug|Any CPU.ActiveCfg = Debug|Any CPU
		{380B7042-69FA-49DE-B688-9BF1B260AE7F}.Debug|Any CPU.Build.0 = Debug|Any CPU
		{380B7042-69FA-49DE-B688-9BF1B260AE7F}.Release|Any CPU.ActiveCfg = Release|Any CPU
		{380B7042-69FA-49DE-B688-9BF1B260AE7F}.Release|Any CPU.Build.0 = Release|Any CPU
	EndGlobalSection
	GlobalSection(SolutionProperties) = preSolution
		HideSolutionNode = FALSE
	EndGlobalSection
	GlobalSection(ExtensibilityGlobals) = postSolution
		SolutionGuid = {1FD6F1A1-2E94-49C0-8E60-FD1F415E5379}
	EndGlobalSection
EndGlobal
